
Microsoft Visual Studio Solution File, Format Version 12.00
# Visual Studio Version 17
VisualStudioVersion = 17.11.35327.3
MinimumVisualStudioVersion = 10.0.40219.1
Project("{FAE04EC0-301F-11D3-BF4B-00C04F79EFBC}") = "LectorJson", "LectorJson\LectorJson.csproj", "{E2EE6D3C-85AD-4E9E-B4D9-2ACE00F69526}"
EndProject
Project("{FAE04EC0-301F-11D3-BF4B-00C04F79EFBC}") = "JsonApi", "JsonApi\JsonApi.csproj", "{78DE9AA8-DF90-471D-B4ED-AEC62538AA5D}"
EndProject
Global
	GlobalSection(SolutionConfigurationPlatforms) = preSolution
		Debug|Any CPU = Debug|Any CPU
		Release|Any CPU = Release|Any CPU
	EndGlobalSection
	GlobalSection(ProjectConfigurationPlatforms) = postSolution
		{E2EE6D3C-85AD-4E9E-B4D9-2ACE00F69526}.Debug|Any CPU.ActiveCfg = Debug|Any CPU
		{E2EE6D3C-85AD-4E9E-B4D9-2ACE00F69526}.Debug|Any CPU.Build.0 = Debug|Any CPU
		{E2EE6D3C-85AD-4E9E-B4D9-2ACE00F69526}.Release|Any CPU.ActiveCfg = Release|Any CPU
		{E2EE6D3C-85AD-4E9E-B4D9-2ACE00F69526}.Release|Any CPU.Build.0 = Release|Any CPU
		{78DE9AA8-DF90-471D-B4ED-AEC62538AA5D}.Debug|Any CPU.ActiveCfg = Debug|Any CPU
		{78DE9AA8-DF90-471D-B4ED-AEC62538AA5D}.Debug|Any CPU.Build.0 = Debug|Any CPU
		{78DE9AA8-DF90-471D-B4ED-AEC62538AA5D}.Release|Any CPU.ActiveCfg = Release|Any CPU
		{78DE9AA8-DF90-471D-B4ED-AEC62538AA5D}.Release|Any CPU.Build.0 = Release|Any CPU
	EndGlobalSection
	GlobalSection(SolutionProperties) = preSolution
		HideSolutionNode = FALSE
	EndGlobalSection
	GlobalSection(ExtensibilityGlobals) = postSolution
		SolutionGuid = {77DBE93F-B6D8-4633-990C-BF6314A6232C}
	EndGlobalSection
EndGlobal
